
Microsoft Visual Studio Solution File, Format Version 12.00
# Visual Studio Version 17
VisualStudioVersion = 17.8.34511.84
MinimumVisualStudioVersion = 10.0.40219.1
Project("{FAE04EC0-301F-11D3-BF4B-00C04F79EFBC}") = "ContatosApp.API", "ContatosApp.API\ContatosApp.API.csproj", "{D2E70EDF-E7A9-4E2B-90BB-E56191DE6FA2}"
EndProject
Project("{2150E333-8FDC-42A3-9474-1A3956D46DE8}") = "1 - API", "1 - API", "{B9B39380-91AE-4798-810D-643121F02F64}"
EndProject
Project("{2150E333-8FDC-42A3-9474-1A3956D46DE8}") = "2 - DATA", "2 - DATA", "{7410CA07-5C72-4786-B902-3A9B481A147D}"
EndProject
Project("{FAE04EC0-301F-11D3-BF4B-00C04F79EFBC}") = "ContatosApp.Data", "ContatosApp.Data\ContatosApp.Data.csproj", "{F5EE8EBB-20EA-4171-BED7-E943BAEEA365}"
EndProject
Global
	GlobalSection(SolutionConfigurationPlatforms) = preSolution
		Debug|Any CPU = Debug|Any CPU
		Release|Any CPU = Release|Any CPU
	EndGlobalSection
	GlobalSection(ProjectConfigurationPlatforms) = postSolution
		{D2E70EDF-E7A9-4E2B-90BB-E56191DE6FA2}.Debug|Any CPU.ActiveCfg = Debug|Any CPU
		{D2E70EDF-E7A9-4E2B-90BB-E56191DE6FA2}.Debug|Any CPU.Build.0 = Debug|Any CPU
		{D2E70EDF-E7A9-4E2B-90BB-E56191DE6FA2}.Release|Any CPU.ActiveCfg = Release|Any CPU
		{D2E70EDF-E7A9-4E2B-90BB-E56191DE6FA2}.Release|Any CPU.Build.0 = Release|Any CPU
		{F5EE8EBB-20EA-4171-BED7-E943BAEEA365}.Debug|Any CPU.ActiveCfg = Debug|Any CPU
		{F5EE8EBB-20EA-4171-BED7-E943BAEEA365}.Debug|Any CPU.Build.0 = Debug|Any CPU
		{F5EE8EBB-20EA-4171-BED7-E943BAEEA365}.Release|Any CPU.ActiveCfg = Release|Any CPU
		{F5EE8EBB-20EA-4171-BED7-E943BAEEA365}.Release|Any CPU.Build.0 = Release|Any CPU
	EndGlobalSection
	GlobalSection(SolutionProperties) = preSolution
		HideSolutionNode = FALSE
	EndGlobalSection
	GlobalSection(NestedProjects) = preSolution
		{D2E70EDF-E7A9-4E2B-90BB-E56191DE6FA2} = {B9B39380-91AE-4798-810D-643121F02F64}
		{F5EE8EBB-20EA-4171-BED7-E943BAEEA365} = {7410CA07-5C72-4786-B902-3A9B481A147D}
	EndGlobalSection
	GlobalSection(ExtensibilityGlobals) = postSolution
		SolutionGuid = {1F263F4B-8F5D-4FCF-BC19-AE97E092F4D5}
	EndGlobalSection
EndGlobal
